
Microsoft Visual Studio Solution File, Format Version 12.00
# Visual Studio 15
Project("{FAE04EC0-301F-11D3-BF4B-00C04F79EFBC}") = "ToasterApi", "ToasterApi.csproj", "{2F89E671-3CA4-4708-A5E6-33E937EC560F}"
EndProject
Global
	GlobalSection(SolutionConfigurationPlatforms) = preSolution
		Debug|Any CPU = Debug|Any CPU
		Release|Any CPU = Release|Any CPU
	EndGlobalSection
	GlobalSection(ProjectConfigurationPlatforms) = postSolution
		{2F89E671-3CA4-4708-A5E6-33E937EC560F}.Debug|Any CPU.ActiveCfg = Debug|Any CPU
		{2F89E671-3CA4-4708-A5E6-33E937EC560F}.Debug|Any CPU.Build.0 = Debug|Any CPU
		{2F89E671-3CA4-4708-A5E6-33E937EC560F}.Release|Any CPU.ActiveCfg = Release|Any CPU
		{2F89E671-3CA4-4708-A5E6-33E937EC560F}.Release|Any CPU.Build.0 = Release|Any CPU
	EndGlobalSection
EndGlobal
